# This file was autogenerated by Stack.
# You should not edit this file by hand.
# For more information, please see the documentation at:
#   https://docs.haskellstack.org/en/stable/lock_files

packages:
- completed:
    hackage: Spock-0.14.0.0@sha256:7e86ccc9e66ce0fdb84d1dcd328f852d3754c2dbfcb60d0e7e2f1cce2f32f177,3681
    pantry-tree:
      sha256: 6829dae9ba2492fae3e447afe13013dd863bd48fd5b8addfa74fc55d979de7b2
      size: 1118
  original:
    hackage: Spock-0.14.0.0@sha256:7e86ccc9e66ce0fdb84d1dcd328f852d3754c2dbfcb60d0e7e2f1cce2f32f177,3681
- completed:
    hackage: Spock-core-0.14.0.1@sha256:f69200f46492847ed681869434c6db9712b3900f49bff3fbc19a5ab2ae4d485b,3467
    pantry-tree:
      sha256: 7eb88a5c37571bbb3e334718baa2af506648a650a5e80c39d76c7ef5c6ef300a
      size: 1113
  original:
    hackage: Spock-core-0.14.0.1@sha256:f69200f46492847ed681869434c6db9712b3900f49bff3fbc19a5ab2ae4d485b,3467
- completed:
    hackage: reroute-0.7.0.0@sha256:ca982d6c747bee4e089f733cd000b8ccf62fb4312cfb0c5de9c8a33f26e02437,2392
    pantry-tree:
      sha256: d2f58178bc71075f61ed0568f165f6fa9cbe65191d10fe067eeed3c5c568dd19
      size: 660
  original:
    hackage: reroute-0.7.0.0@sha256:ca982d6c747bee4e089f733cd000b8ccf62fb4312cfb0c5de9c8a33f26e02437,2392
- completed:
    hackage: stm-containers-1.2@sha256:a887f2e7692b7cf20e0b081e2d66e21076e2bd4b57016ec59c484edfa2d29397,3244
    pantry-tree:
      sha256: 20b1076bdb121347ccc512a67df697eed34815a8e35279b6b9a0951963b1eba2
      size: 761
  original:
    hackage: stm-containers-1.2@sha256:a887f2e7692b7cf20e0b081e2d66e21076e2bd4b57016ec59c484edfa2d29397,3244
- completed:
    hackage: stm-hamt-1.2.0.8@sha256:479907a31ed74ecb29ad1a95138632c065b3fef0736234514e0d912975a79fc5,3978
    pantry-tree:
      sha256: c1b7279b02dfa8b06be5cc349955648809adbc3798022760a1b9ac2627c3b1f2
      size: 963
  original:
    hackage: stm-hamt-1.2.0.8@sha256:479907a31ed74ecb29ad1a95138632c065b3fef0736234514e0d912975a79fc5,3978
- completed:
    hackage: Spock-lucid-0.4.0.1@sha256:fa2c6ae737bad26767820af29c913140a657acbf745e90c9f9d4a184953855dc,1117
    pantry-tree:
      sha256: e0c8e85d0fce0a307ef5c52f9e00beebc3a79f984338ec088e9e6f15a2879209
      size: 269
  original:
    hackage: Spock-lucid-0.4.0.1@sha256:fa2c6ae737bad26767820af29c913140a657acbf745e90c9f9d4a184953855dc,1117
snapshots:
- completed:
    sha256: 428ec8d5ce932190d3cbe266b9eb3c175cd81e984babf876b64019e2cbe4ea68
    size: 590100
    url: https://raw.githubusercontent.com/commercialhaskell/stackage-snapshots/master/lts/18/28.yaml
  original: lts-18.28
